
Microsoft Visual Studio Solution File, Format Version 12.00
# Visual Studio Version 17
VisualStudioVersion = 17.8.34511.84
MinimumVisualStudioVersion = 10.0.40219.1
Project("{FAE04EC0-301F-11D3-BF4B-00C04F79EFBC}") = "Application.API", "Application.API\Application.API.csproj", "{DFF790EA-185C-410D-B6D4-1AFE1DCB1793}"
EndProject
Project("{FAE04EC0-301F-11D3-BF4B-00C04F79EFBC}") = "Application.BAL", "Application.BAL\Application.BAL.csproj", "{20BDD47C-BBD5-43BE-914D-9E473FAB6EA2}"
EndProject
Project("{FAE04EC0-301F-11D3-BF4B-00C04F79EFBC}") = "Application.DAL", "Application.DAL\Application.DAL.csproj", "{521C24A7-41F6-4D1D-BECE-C3918DAEB838}"
EndProject
Global
	GlobalSection(SolutionConfigurationPlatforms) = preSolution
		Debug|Any CPU = Debug|Any CPU
		Release|Any CPU = Release|Any CPU
	EndGlobalSection
	GlobalSection(ProjectConfigurationPlatforms) = postSolution
		{DFF790EA-185C-410D-B6D4-1AFE1DCB1793}.Debug|Any CPU.ActiveCfg = Debug|Any CPU
		{DFF790EA-185C-410D-B6D4-1AFE1DCB1793}.Debug|Any CPU.Build.0 = Debug|Any CPU
		{DFF790EA-185C-410D-B6D4-1AFE1DCB1793}.Release|Any CPU.ActiveCfg = Release|Any CPU
		{DFF790EA-185C-410D-B6D4-1AFE1DCB1793}.Release|Any CPU.Build.0 = Release|Any CPU
		{20BDD47C-BBD5-43BE-914D-9E473FAB6EA2}.Debug|Any CPU.ActiveCfg = Debug|Any CPU
		{20BDD47C-BBD5-43BE-914D-9E473FAB6EA2}.Debug|Any CPU.Build.0 = Debug|Any CPU
		{20BDD47C-BBD5-43BE-914D-9E473FAB6EA2}.Release|Any CPU.ActiveCfg = Release|Any CPU
		{20BDD47C-BBD5-43BE-914D-9E473FAB6EA2}.Release|Any CPU.Build.0 = Release|Any CPU
		{521C24A7-41F6-4D1D-BECE-C3918DAEB838}.Debug|Any CPU.ActiveCfg = Debug|Any CPU
		{521C24A7-41F6-4D1D-BECE-C3918DAEB838}.Debug|Any CPU.Build.0 = Debug|Any CPU
		{521C24A7-41F6-4D1D-BECE-C3918DAEB838}.Release|Any CPU.ActiveCfg = Release|Any CPU
		{521C24A7-41F6-4D1D-BECE-C3918DAEB838}.Release|Any CPU.Build.0 = Release|Any CPU
	EndGlobalSection
	GlobalSection(SolutionProperties) = preSolution
		HideSolutionNode = FALSE
	EndGlobalSection
	GlobalSection(ExtensibilityGlobals) = postSolution
		SolutionGuid = {4A33BAB2-40E2-4166-887D-404968B7A4B7}
	EndGlobalSection
EndGlobal
